
Microsoft Visual Studio Solution File, Format Version 12.00
# Visual Studio Version 16
VisualStudioVersion = 16.0.30621.155
MinimumVisualStudioVersion = 10.0.40219.1
Project("{FAE04EC0-301F-11D3-BF4B-00C04F79EFBC}") = "CMakeUpdater", "CMakeUpdater\CMakeUpdater.csproj", "{E539D5E4-4D99-4572-B89F-3C791016D4CC}"
EndProject
Global
	GlobalSection(SolutionConfigurationPlatforms) = preSolution
		Debug|Any CPU = Debug|Any CPU
		Release|Any CPU = Release|Any CPU
	EndGlobalSection
	GlobalSection(ProjectConfigurationPlatforms) = postSolution
		{E539D5E4-4D99-4572-B89F-3C791016D4CC}.Debug|Any CPU.ActiveCfg = Debug|Any CPU
		{E539D5E4-4D99-4572-B89F-3C791016D4CC}.Debug|Any CPU.Build.0 = Debug|Any CPU
		{E539D5E4-4D99-4572-B89F-3C791016D4CC}.Release|Any CPU.ActiveCfg = Release|Any CPU
		{E539D5E4-4D99-4572-B89F-3C791016D4CC}.Release|Any CPU.Build.0 = Release|Any CPU
	EndGlobalSection
	GlobalSection(SolutionProperties) = preSolution
		HideSolutionNode = FALSE
	EndGlobalSection
	GlobalSection(ExtensibilityGlobals) = postSolution
		SolutionGuid = {EE8088A2-59B2-4DE3-B0E6-45CFE5FA57CA}
	EndGlobalSection
EndGlobal
